
Microsoft Visual Studio Solution File, Format Version 12.00
# Visual Studio 15
VisualStudioVersion = 15.0.27130.2027
MinimumVisualStudioVersion = 10.0.40219.1
Project("{FAE04EC0-301F-11D3-BF4B-00C04F79EFBC}") = "Sales.Android", "Sales\Sales.Android\Sales.Android.csproj", "{F857C5BA-01DD-4EDD-82C7-95CF3D3FBB2D}"
EndProject
Project("{FAE04EC0-301F-11D3-BF4B-00C04F79EFBC}") = "Sales.iOS", "Sales\Sales.iOS\Sales.iOS.csproj", "{7F1A827A-19F5-4648-B253-DE14EA946560}"
EndProject
Project("{9A19103F-16F7-4668-BE54-9A1E7A4F7556}") = "Sales", "Sales\Sales\Sales.csproj", "{6881A2CB-0623-4E24-A66D-3FC00B124D4C}"
EndProject
Project("{FAE04EC0-301F-11D3-BF4B-00C04F79EFBC}") = "Sales.Backend", "Sales.Backend\Sales.Backend.csproj", "{B3834E6C-12D4-4A9B-8F6A-8B7D7E37007D}"
EndProject
Project("{FAE04EC0-301F-11D3-BF4B-00C04F79EFBC}") = "Sales.API", "Sales.API\Sales.API.csproj", "{3B546F49-3C1E-477C-AF22-A785C9C1C4CE}"
EndProject
Project("{FAE04EC0-301F-11D3-BF4B-00C04F79EFBC}") = "Sales.Domain", "Sales.Domain\Sales.Domain.csproj", "{A80D37C6-615C-49FC-975D-57E12215898F}"
EndProject
Project("{FAE04EC0-301F-11D3-BF4B-00C04F79EFBC}") = "Sales.Common", "Sales.Common\Sales.Common.csproj", "{CC100925-F8AA-42BD-8B7A-963B7E190348}"
EndProject
Global
	GlobalSection(SolutionConfigurationPlatforms) = preSolution
		Ad-Hoc|Any CPU = Ad-Hoc|Any CPU
		Ad-Hoc|iPhone = Ad-Hoc|iPhone
		Ad-Hoc|iPhoneSimulator = Ad-Hoc|iPhoneSimulator
		AppStore|Any CPU = AppStore|Any CPU
		AppStore|iPhone = AppStore|iPhone
		AppStore|iPhoneSimulator = AppStore|iPhoneSimulator
		Debug|Any CPU = Debug|Any CPU
		Debug|iPhone = Debug|iPhone
		Debug|iPhoneSimulator = Debug|iPhoneSimulator
		Release|Any CPU = Release|Any CPU
		Release|iPhone = Release|iPhone
		Release|iPhoneSimulator = Release|iPhoneSimulator
	EndGlobalSection
	GlobalSection(ProjectConfigurationPlatforms) = postSolution
		{F857C5BA-01DD-4EDD-82C7-95CF3D3FBB2D}.Ad-Hoc|Any CPU.ActiveCfg = Release|Any CPU
		{F857C5BA-01DD-4EDD-82C7-95CF3D3FBB2D}.Ad-Hoc|Any CPU.Build.0 = Release|Any CPU
		{F857C5BA-01DD-4EDD-82C7-95CF3D3FBB2D}.Ad-Hoc|Any CPU.Deploy.0 = Release|Any CPU
		{F857C5BA-01DD-4EDD-82C7-95CF3D3FBB2D}.Ad-Hoc|iPhone.ActiveCfg = Release|Any CPU
		{F857C5BA-01DD-4EDD-82C7-95CF3D3FBB2D}.Ad-Hoc|iPhone.Build.0 = Release|Any CPU
		{F857C5BA-01DD-4EDD-82C7-95CF3D3FBB2D}.Ad-Hoc|iPhone.Deploy.0 = Release|Any CPU
		{F857C5BA-01DD-4EDD-82C7-95CF3D3FBB2D}.Ad-Hoc|iPhoneSimulator.ActiveCfg = Release|Any CPU
		{F857C5BA-01DD-4EDD-82C7-95CF3D3FBB2D}.Ad-Hoc|iPhoneSimulator.Build.0 = Release|Any CPU
		{F857C5BA-01DD-4EDD-82C7-95CF3D3FBB2D}.Ad-Hoc|iPhoneSimulator.Deploy.0 = Release|Any CPU
		{F857C5BA-01DD-4EDD-82C7-95CF3D3FBB2D}.AppStore|Any CPU.ActiveCfg = Release|Any CPU
		{F857C5BA-01DD-4EDD-82C7-95CF3D3FBB2D}.AppStore|Any CPU.Build.0 = Release|Any CPU
		{F857C5BA-01DD-4EDD-82C7-95CF3D3FBB2D}.AppStore|Any CPU.Deploy.0 = Release|Any CPU
		{F857C5BA-01DD-4EDD-82C7-95CF3D3FBB2D}.AppStore|iPhone.ActiveCfg = Release|Any CPU
		{F857C5BA-01DD-4EDD-82C7-95CF3D3FBB2D}.AppStore|iPhone.Build.0 = Release|Any CPU
		{F857C5BA-01DD-4EDD-82C7-95CF3D3FBB2D}.AppStore|iPhone.Deploy.0 = Release|Any CPU
		{F857C5BA-01DD-4EDD-82C7-95CF3D3FBB2D}.AppStore|iPhoneSimulator.ActiveCfg = Release|Any CPU
		{F857C5BA-01DD-4EDD-82C7-95CF3D3FBB2D}.AppStore|iPhoneSimulator.Build.0 = Release|Any CPU
		{F857C5BA-01DD-4EDD-82C7-95CF3D3FBB2D}.AppStore|iPhoneSimulator.Deploy.0 = Release|Any CPU
		{F857C5BA-01DD-4EDD-82C7-95CF3D3FBB2D}.Debug|Any CPU.ActiveCfg = Debug|Any CPU
		{F857C5BA-01DD-4EDD-82C7-95CF3D3FBB2D}.Debug|Any CPU.Build.0 = Debug|Any CPU
		{F857C5BA-01DD-4EDD-82C7-95CF3D3FBB2D}.Debug|Any CPU.Deploy.0 = Debug|Any CPU
		{F857C5BA-01DD-4EDD-82C7-95CF3D3FBB2D}.Debug|iPhone.ActiveCfg = Debug|Any CPU
		{F857C5BA-01DD-4EDD-82C7-95CF3D3FBB2D}.Debug|iPhone.Build.0 = Debug|Any CPU
		{F857C5BA-01DD-4EDD-82C7-95CF3D3FBB2D}.Debug|iPhone.Deploy.0 = Debug|Any CPU
		{F857C5BA-01DD-4EDD-82C7-95CF3D3FBB2D}.Debug|iPhoneSimulator.ActiveCfg = Debug|Any CPU
		{F857C5BA-01DD-4EDD-82C7-95CF3D3FBB2D}.Debug|iPhoneSimulator.Build.0 = Debug|Any CPU
		{F857C5BA-01DD-4EDD-82C7-95CF3D3FBB2D}.Debug|iPhoneSimulator.Deploy.0 = Debug|Any CPU
		{F857C5BA-01DD-4EDD-82C7-95CF3D3FBB2D}.Release|Any CPU.ActiveCfg = Release|Any CPU
		{F857C5BA-01DD-4EDD-82C7-95CF3D3FBB2D}.Release|Any CPU.Build.0 = Release|Any CPU
		{F857C5BA-01DD-4EDD-82C7-95CF3D3FBB2D}.Release|Any CPU.Deploy.0 = Release|Any CPU
		{F857C5BA-01DD-4EDD-82C7-95CF3D3FBB2D}.Release|iPhone.ActiveCfg = Release|Any CPU
		{F857C5BA-01DD-4EDD-82C7-95CF3D3FBB2D}.Release|iPhone.Build.0 = Release|Any CPU
		{F857C5BA-01DD-4EDD-82C7-95CF3D3FBB2D}.Release|iPhone.Deploy.0 = Release|Any CPU
		{F857C5BA-01DD-4EDD-82C7-95CF3D3FBB2D}.Release|iPhoneSimulator.ActiveCfg = Release|Any CPU
		{F857C5BA-01DD-4EDD-82C7-95CF3D3FBB2D}.Release|iPhoneSimulator.Build.0 = Release|Any CPU
		{F857C5BA-01DD-4EDD-82C7-95CF3D3FBB2D}.Release|iPhoneSimulator.Deploy.0 = Release|Any CPU
		{7F1A827A-19F5-4648-B253-DE14EA946560}.Ad-Hoc|Any CPU.ActiveCfg = Ad-Hoc|iPhone
		{7F1A827A-19F5-4648-B253-DE14EA946560}.Ad-Hoc|iPhone.ActiveCfg = Ad-Hoc|iPhone
		{7F1A827A-19F5-4648-B253-DE14EA946560}.Ad-Hoc|iPhone.Build.0 = Ad-Hoc|iPhone
		{7F1A827A-19F5-4648-B253-DE14EA946560}.Ad-Hoc|iPhoneSimulator.ActiveCfg = Ad-Hoc|iPhoneSimulator
		{7F1A827A-19F5-4648-B253-DE14EA946560}.Ad-Hoc|iPhoneSimulator.Build.0 = Ad-Hoc|iPhoneSimulator
		{7F1A827A-19F5-4648-B253-DE14EA946560}.AppStore|Any CPU.ActiveCfg = AppStore|iPhone
		{7F1A827A-19F5-4648-B253-DE14EA946560}.AppStore|iPhone.ActiveCfg = AppStore|iPhone
		{7F1A827A-19F5-4648-B253-DE14EA946560}.AppStore|iPhone.Build.0 = AppStore|iPhone
		{7F1A827A-19F5-4648-B253-DE14EA946560}.AppStore|iPhoneSimulator.ActiveCfg = AppStore|iPhoneSimulator
		{7F1A827A-19F5-4648-B253-DE14EA946560}.AppStore|iPhoneSimulator.Build.0 = AppStore|iPhoneSimulator
		{7F1A827A-19F5-4648-B253-DE14EA946560}.Debug|Any CPU.ActiveCfg = Debug|iPhone
		{7F1A827A-19F5-4648-B253-DE14EA946560}.Debug|iPhone.ActiveCfg = Debug|iPhone
		{7F1A827A-19F5-4648-B253-DE14EA946560}.Debug|iPhone.Build.0 = Debug|iPhone
		{7F1A827A-19F5-4648-B253-DE14EA946560}.Debug|iPhoneSimulator.ActiveCfg = Debug|iPhoneSimulator
		{7F1A827A-19F5-4648-B253-DE14EA946560}.Debug|iPhoneSimulator.Build.0 = Debug|iPhoneSimulator
		{7F1A827A-19F5-4648-B253-DE14EA946560}.Release|Any CPU.ActiveCfg = Release|iPhone
		{7F1A827A-19F5-4648-B253-DE14EA946560}.Release|iPhone.ActiveCfg = Release|iPhone
		{7F1A827A-19F5-4648-B253-DE14EA946560}.Release|iPhone.Build.0 = Release|iPhone
		{7F1A827A-19F5-4648-B253-DE14EA946560}.Release|iPhoneSimulator.ActiveCfg = Release|iPhoneSimulator
		{7F1A827A-19F5-4648-B253-DE14EA946560}.Release|iPhoneSimulator.Build.0 = Release|iPhoneSimulator
		{6881A2CB-0623-4E24-A66D-3FC00B124D4C}.Ad-Hoc|Any CPU.ActiveCfg = Debug|Any CPU
		{6881A2CB-0623-4E24-A66D-3FC00B124D4C}.Ad-Hoc|Any CPU.Build.0 = Debug|Any CPU
		{6881A2CB-0623-4E24-A66D-3FC00B124D4C}.Ad-Hoc|iPhone.ActiveCfg = Debug|Any CPU
		{6881A2CB-0623-4E24-A66D-3FC00B124D4C}.Ad-Hoc|iPhone.Build.0 = Debug|Any CPU
		{6881A2CB-0623-4E24-A66D-3FC00B124D4C}.Ad-Hoc|iPhoneSimulator.ActiveCfg = Debug|Any CPU
		{6881A2CB-0623-4E24-A66D-3FC00B124D4C}.Ad-Hoc|iPhoneSimulator.Build.0 = Debug|Any CPU
		{6881A2CB-0623-4E24-A66D-3FC00B124D4C}.AppStore|Any CPU.ActiveCfg = Debug|Any CPU
		{6881A2CB-0623-4E24-A66D-3FC00B124D4C}.AppStore|Any CPU.Build.0 = Debug|Any CPU
		{6881A2CB-0623-4E24-A66D-3FC00B124D4C}.AppStore|iPhone.ActiveCfg = Debug|Any CPU
		{6881A2CB-0623-4E24-A66D-3FC00B124D4C}.AppStore|iPhone.Build.0 = Debug|Any CPU
		{6881A2CB-0623-4E24-A66D-3FC00B124D4C}.AppStore|iPhoneSimulator.ActiveCfg = Debug|Any CPU
		{6881A2CB-0623-4E24-A66D-3FC00B124D4C}.AppStore|iPhoneSimulator.Build.0 = Debug|Any CPU
		{6881A2CB-0623-4E24-A66D-3FC00B124D4C}.Debug|Any CPU.ActiveCfg = Debug|Any CPU
		{6881A2CB-0623-4E24-A66D-3FC00B124D4C}.Debug|Any CPU.Build.0 = Debug|Any CPU
		{6881A2CB-0623-4E24-A66D-3FC00B124D4C}.Debug|iPhone.ActiveCfg = Debug|Any CPU
		{6881A2CB-0623-4E24-A66D-3FC00B124D4C}.Debug|iPhone.Build.0 = Debug|Any CPU
		{6881A2CB-0623-4E24-A66D-3FC00B124D4C}.Debug|iPhoneSimulator.ActiveCfg = Debug|Any CPU
		{6881A2CB-0623-4E24-A66D-3FC00B124D4C}.Debug|iPhoneSimulator.Build.0 = Debug|Any CPU
		{6881A2CB-0623-4E24-A66D-3FC00B124D4C}.Release|Any CPU.ActiveCfg = Release|Any CPU
		{6881A2CB-0623-4E24-A66D-3FC00B124D4C}.Release|Any CPU.Build.0 = Release|Any CPU
		{6881A2CB-0623-4E24-A66D-3FC00B124D4C}.Release|iPhone.ActiveCfg = Release|Any CPU
		{6881A2CB-0623-4E24-A66D-3FC00B124D4C}.Release|iPhone.Build.0 = Release|Any CPU
		{6881A2CB-0623-4E24-A66D-3FC00B124D4C}.Release|iPhoneSimulator.ActiveCfg = Release|Any CPU
		{6881A2CB-0623-4E24-A66D-3FC00B124D4C}.Release|iPhoneSimulator.Build.0 = Release|Any CPU
		{B3834E6C-12D4-4A9B-8F6A-8B7D7E37007D}.Ad-Hoc|Any CPU.ActiveCfg = Release|Any CPU
		{B3834E6C-12D4-4A9B-8F6A-8B7D7E37007D}.Ad-Hoc|Any CPU.Build.0 = Release|Any CPU
		{B3834E6C-12D4-4A9B-8F6A-8B7D7E37007D}.Ad-Hoc|iPhone.ActiveCfg = Release|Any CPU
		{B3834E6C-12D4-4A9B-8F6A-8B7D7E37007D}.Ad-Hoc|iPhone.Build.0 = Release|Any CPU
		{B3834E6C-12D4-4A9B-8F6A-8B7D7E37007D}.Ad-Hoc|iPhoneSimulator.ActiveCfg = Release|Any CPU
		{B3834E6C-12D4-4A9B-8F6A-8B7D7E37007D}.Ad-Hoc|iPhoneSimulator.Build.0 = Release|Any CPU
		{B3834E6C-12D4-4A9B-8F6A-8B7D7E37007D}.AppStore|Any CPU.ActiveCfg = Release|Any CPU
		{B3834E6C-12D4-4A9B-8F6A-8B7D7E37007D}.AppStore|Any CPU.Build.0 = Release|Any CPU
		{B3834E6C-12D4-4A9B-8F6A-8B7D7E37007D}.AppStore|iPhone.ActiveCfg = Release|Any CPU
		{B3834E6C-12D4-4A9B-8F6A-8B7D7E37007D}.AppStore|iPhone.Build.0 = Release|Any CPU
		{B3834E6C-12D4-4A9B-8F6A-8B7D7E37007D}.AppStore|iPhoneSimulator.ActiveCfg = Release|Any CPU
		{B3834E6C-12D4-4A9B-8F6A-8B7D7E37007D}.AppStore|iPhoneSimulator.Build.0 = Release|Any CPU
		{B3834E6C-12D4-4A9B-8F6A-8B7D7E37007D}.Debug|Any CPU.ActiveCfg = Debug|Any CPU
		{B3834E6C-12D4-4A9B-8F6A-8B7D7E37007D}.Debug|Any CPU.Build.0 = Debug|Any CPU
		{B3834E6C-12D4-4A9B-8F6A-8B7D7E37007D}.Debug|iPhone.ActiveCfg = Debug|Any CPU
		{B3834E6C-12D4-4A9B-8F6A-8B7D7E37007D}.Debug|iPhone.Build.0 = Debug|Any CPU
		{B3834E6C-12D4-4A9B-8F6A-8B7D7E37007D}.Debug|iPhoneSimulator.ActiveCfg = Debug|Any CPU
		{B3834E6C-12D4-4A9B-8F6A-8B7D7E37007D}.Debug|iPhoneSimulator.Build.0 = Debug|Any CPU
		{B3834E6C-12D4-4A9B-8F6A-8B7D7E37007D}.Release|Any CPU.ActiveCfg = Release|Any CPU
		{B3834E6C-12D4-4A9B-8F6A-8B7D7E37007D}.Release|Any CPU.Build.0 = Release|Any CPU
		{B3834E6C-12D4-4A9B-8F6A-8B7D7E37007D}.Release|iPhone.ActiveCfg = Release|Any CPU
		{B3834E6C-12D4-4A9B-8F6A-8B7D7E37007D}.Release|iPhone.Build.0 = Release|Any CPU
		{B3834E6C-12D4-4A9B-8F6A-8B7D7E37007D}.Release|iPhoneSimulator.ActiveCfg = Release|Any CPU
		{B3834E6C-12D4-4A9B-8F6A-8B7D7E37007D}.Release|iPhoneSimulator.Build.0 = Release|Any CPU
		{3B546F49-3C1E-477C-AF22-A785C9C1C4CE}.Ad-Hoc|Any CPU.ActiveCfg = Release|Any CPU
		{3B546F49-3C1E-477C-AF22-A785C9C1C4CE}.Ad-Hoc|Any CPU.Build.0 = Release|Any CPU
		{3B546F49-3C1E-477C-AF22-A785C9C1C4CE}.Ad-Hoc|iPhone.ActiveCfg = Release|Any CPU
		{3B546F49-3C1E-477C-AF22-A785C9C1C4CE}.Ad-Hoc|iPhone.Build.0 = Release|Any CPU
		{3B546F49-3C1E-477C-AF22-A785C9C1C4CE}.Ad-Hoc|iPhoneSimulator.ActiveCfg = Release|Any CPU
		{3B546F49-3C1E-477C-AF22-A785C9C1C4CE}.Ad-Hoc|iPhoneSimulator.Build.0 = Release|Any CPU
		{3B546F49-3C1E-477C-AF22-A785C9C1C4CE}.AppStore|Any CPU.ActiveCfg = Release|Any CPU
		{3B546F49-3C1E-477C-AF22-A785C9C1C4CE}.AppStore|Any CPU.Build.0 = Release|Any CPU
		{3B546F49-3C1E-477C-AF22-A785C9C1C4CE}.AppStore|iPhone.ActiveCfg = Release|Any CPU
		{3B546F49-3C1E-477C-AF22-A785C9C1C4CE}.AppStore|iPhone.Build.0 = Release|Any CPU
		{3B546F49-3C1E-477C-AF22-A785C9C1C4CE}.AppStore|iPhoneSimulator.ActiveCfg = Release|Any CPU
		{3B546F49-3C1E-477C-AF22-A785C9C1C4CE}.AppStore|iPhoneSimulator.Build.0 = Release|Any CPU
		{3B546F49-3C1E-477C-AF22-A785C9C1C4CE}.Debug|Any CPU.ActiveCfg = Debug|Any CPU
		{3B546F49-3C1E-477C-AF22-A785C9C1C4CE}.Debug|Any CPU.Build.0 = Debug|Any CPU
		{3B546F49-3C1E-477C-AF22-A785C9C1C4CE}.Debug|iPhone.ActiveCfg = Debug|Any CPU
		{3B546F49-3C1E-477C-AF22-A785C9C1C4CE}.Debug|iPhone.Build.0 = Debug|Any CPU
		{3B546F49-3C1E-477C-AF22-A785C9C1C4CE}.Debug|iPhoneSimulator.ActiveCfg = Debug|Any CPU
		{3B546F49-3C1E-477C-AF22-A785C9C1C4CE}.Debug|iPhoneSimulator.Build.0 = Debug|Any CPU
		{3B546F49-3C1E-477C-AF22-A785C9C1C4CE}.Release|Any CPU.ActiveCfg = Release|Any CPU
		{3B546F49-3C1E-477C-AF22-A785C9C1C4CE}.Release|Any CPU.Build.0 = Release|Any CPU
		{3B546F49-3C1E-477C-AF22-A785C9C1C4CE}.Release|iPhone.ActiveCfg = Release|Any CPU
		{3B546F49-3C1E-477C-AF22-A785C9C1C4CE}.Release|iPhone.Build.0 = Release|Any CPU
		{3B546F49-3C1E-477C-AF22-A785C9C1C4CE}.Release|iPhoneSimulator.ActiveCfg = Release|Any CPU
		{3B546F49-3C1E-477C-AF22-A785C9C1C4CE}.Release|iPhoneSimulator.Build.0 = Release|Any CPU
		{A80D37C6-615C-49FC-975D-57E12215898F}.Ad-Hoc|Any CPU.ActiveCfg = Release|Any CPU
		{A80D37C6-615C-49FC-975D-57E12215898F}.Ad-Hoc|Any CPU.Build.0 = Release|Any CPU
		{A80D37C6-615C-49FC-975D-57E12215898F}.Ad-Hoc|iPhone.ActiveCfg = Release|Any CPU
		{A80D37C6-615C-49FC-975D-57E12215898F}.Ad-Hoc|iPhone.Build.0 = Release|Any CPU
		{A80D37C6-615C-49FC-975D-57E12215898F}.Ad-Hoc|iPhoneSimulator.ActiveCfg = Release|Any CPU
		{A80D37C6-615C-49FC-975D-57E12215898F}.Ad-Hoc|iPhoneSimulator.Build.0 = Release|Any CPU
		{A80D37C6-615C-49FC-975D-57E12215898F}.AppStore|Any CPU.ActiveCfg = Release|Any CPU
		{A80D37C6-615C-49FC-975D-57E12215898F}.AppStore|Any CPU.Build.0 = Release|Any CPU
		{A80D37C6-615C-49FC-975D-57E12215898F}.AppStore|iPhone.ActiveCfg = Release|Any CPU
		{A80D37C6-615C-49FC-975D-57E12215898F}.AppStore|iPhone.Build.0 = Release|Any CPU
		{A80D37C6-615C-49FC-975D-57E12215898F}.AppStore|iPhoneSimulator.ActiveCfg = Release|Any CPU
		{A80D37C6-615C-49FC-975D-57E12215898F}.AppStore|iPhoneSimulator.Build.0 = Release|Any CPU
		{A80D37C6-615C-49FC-975D-57E12215898F}.Debug|Any CPU.ActiveCfg = Debug|Any CPU
		{A80D37C6-615C-49FC-975D-57E12215898F}.Debug|Any CPU.Build.0 = Debug|Any CPU
		{A80D37C6-615C-49FC-975D-57E12215898F}.Debug|iPhone.ActiveCfg = Debug|Any CPU
		{A80D37C6-615C-49FC-975D-57E12215898F}.Debug|iPhone.Build.0 = Debug|Any CPU
		{A80D37C6-615C-49FC-975D-57E12215898F}.Debug|iPhoneSimulator.ActiveCfg = Debug|Any CPU
		{A80D37C6-615C-49FC-975D-57E12215898F}.Debug|iPhoneSimulator.Build.0 = Debug|Any CPU
		{A80D37C6-615C-49FC-975D-57E12215898F}.Release|Any CPU.ActiveCfg = Release|Any CPU
		{A80D37C6-615C-49FC-975D-57E12215898F}.Release|Any CPU.Build.0 = Release|Any CPU
		{A80D37C6-615C-49FC-975D-57E12215898F}.Release|iPhone.ActiveCfg = Release|Any CPU
		{A80D37C6-615C-49FC-975D-57E12215898F}.Release|iPhone.Build.0 = Release|Any CPU
		{A80D37C6-615C-49FC-975D-57E12215898F}.Release|iPhoneSimulator.ActiveCfg = Release|Any CPU
		{A80D37C6-615C-49FC-975D-57E12215898F}.Release|iPhoneSimulator.Build.0 = Release|Any CPU
		{CC100925-F8AA-42BD-8B7A-963B7E190348}.Ad-Hoc|Any CPU.ActiveCfg = Release|Any CPU
		{CC100925-F8AA-42BD-8B7A-963B7E190348}.Ad-Hoc|Any CPU.Build.0 = Release|Any CPU
		{CC100925-F8AA-42BD-8B7A-963B7E190348}.Ad-Hoc|iPhone.ActiveCfg = Release|Any CPU
		{CC100925-F8AA-42BD-8B7A-963B7E190348}.Ad-Hoc|iPhone.Build.0 = Release|Any CPU
		{CC100925-F8AA-42BD-8B7A-963B7E190348}.Ad-Hoc|iPhoneSimulator.ActiveCfg = Release|Any CPU
		{CC100925-F8AA-42BD-8B7A-963B7E190348}.Ad-Hoc|iPhoneSimulator.Build.0 = Release|Any CPU
		{CC100925-F8AA-42BD-8B7A-963B7E190348}.AppStore|Any CPU.ActiveCfg = Release|Any CPU
		{CC100925-F8AA-42BD-8B7A-963B7E190348}.AppStore|Any CPU.Build.0 = Release|Any CPU
		{CC100925-F8AA-42BD-8B7A-963B7E190348}.AppStore|iPhone.ActiveCfg = Release|Any CPU
		{CC100925-F8AA-42BD-8B7A-963B7E190348}.AppStore|iPhone.Build.0 = Release|Any CPU
		{CC100925-F8AA-42BD-8B7A-963B7E190348}.AppStore|iPhoneSimulator.ActiveCfg = Release|Any CPU
		{CC100925-F8AA-42BD-8B7A-963B7E190348}.AppStore|iPhoneSimulator.Build.0 = Release|Any CPU
		{CC100925-F8AA-42BD-8B7A-963B7E190348}.Debug|Any CPU.ActiveCfg = Debug|Any CPU
		{CC100925-F8AA-42BD-8B7A-963B7E190348}.Debug|Any CPU.Build.0 = Debug|Any CPU
		{CC100925-F8AA-42BD-8B7A-963B7E190348}.Debug|iPhone.ActiveCfg = Debug|Any CPU
		{CC100925-F8AA-42BD-8B7A-963B7E190348}.Debug|iPhone.Build.0 = Debug|Any CPU
		{CC100925-F8AA-42BD-8B7A-963B7E190348}.Debug|iPhoneSimulator.ActiveCfg = Debug|Any CPU
		{CC100925-F8AA-42BD-8B7A-963B7E190348}.Debug|iPhoneSimulator.Build.0 = Debug|Any CPU
		{CC100925-F8AA-42BD-8B7A-963B7E190348}.Release|Any CPU.ActiveCfg = Release|Any CPU
		{CC100925-F8AA-42BD-8B7A-963B7E190348}.Release|Any CPU.Build.0 = Release|Any CPU
		{CC100925-F8AA-42BD-8B7A-963B7E190348}.Release|iPhone.ActiveCfg = Release|Any CPU
		{CC100925-F8AA-42BD-8B7A-963B7E190348}.Release|iPhone.Build.0 = Release|Any CPU
		{CC100925-F8AA-42BD-8B7A-963B7E190348}.Release|iPhoneSimulator.ActiveCfg = Release|Any CPU
		{CC100925-F8AA-42BD-8B7A-963B7E190348}.Release|iPhoneSimulator.Build.0 = Release|Any CPU
	EndGlobalSection
	GlobalSection(SolutionProperties) = preSolution
		HideSolutionNode = FALSE
	EndGlobalSection
	GlobalSection(ExtensibilityGlobals) = postSolution
		SolutionGuid = {72B5770E-8506-48BF-A475-D622C5675BF4}
	EndGlobalSection
EndGlobal
